Microsoft Visual Studio Solution File, Format Version 12.00
# Visual Studio Version 17
VisualStudioVersion = 17.8.0.0
MinimumVisualStudioVersion = 17.8.0.0
Project("{9A19103F-16F7-4668-BE54-9A1E7A4F7556}") = "favicon-generator.AppHost", "favicon-generator.AppHost\favicon-generator.AppHost.csproj", "{5DB1284C-A7D1-42DC-80CA-46AA4CDA8E89}"
EndProject
Project("{9A19103F-16F7-4668-BE54-9A1E7A4F7556}") = "favicon-generator.ServiceDefaults", "favicon-generator.ServiceDefaults\favicon-generator.ServiceDefaults.csproj", "{D389F338-317B-4291-9D1C-6DB955CFD71C}"
EndProject
Global
	GlobalSection(SolutionConfigurationPlatforms) = preSolution
		Debug|Any CPU = Debug|Any CPU
		Release|Any CPU = Release|Any CPU
	EndGlobalSection
	GlobalSection(ProjectConfigurationPlatforms) = postSolution
		{5DB1284C-A7D1-42DC-80CA-46AA4CDA8E89}.Debug|Any CPU.ActiveCfg = Debug|Any CPU
		{5DB1284C-A7D1-42DC-80CA-46AA4CDA8E89}.Debug|Any CPU.Build.0 = Debug|Any CPU
		{5DB1284C-A7D1-42DC-80CA-46AA4CDA8E89}.Release|Any CPU.ActiveCfg = Release|Any CPU
		{5DB1284C-A7D1-42DC-80CA-46AA4CDA8E89}.Release|Any CPU.Build.0 = Release|Any CPU
		{D389F338-317B-4291-9D1C-6DB955CFD71C}.Debug|Any CPU.ActiveCfg = Debug|Any CPU
		{D389F338-317B-4291-9D1C-6DB955CFD71C}.Debug|Any CPU.Build.0 = Debug|Any CPU
		{D389F338-317B-4291-9D1C-6DB955CFD71C}.Release|Any CPU.ActiveCfg = Release|Any CPU
		{D389F338-317B-4291-9D1C-6DB955CFD71C}.Release|Any CPU.Build.0 = Release|Any CPU
	EndGlobalSection
	GlobalSection(SolutionProperties) = preSolution
		HideSolutionNode = FALSE
	EndGlobalSection
	GlobalSection(ExtensibilityGlobals) = postSolution
		SolutionGuid = {2CB3F908-3557-4EE6-9ECC-BADD35CF35FB}
	EndGlobalSection
EndGlobal
